
Microsoft Visual Studio Solution File, Format Version 12.00
# Visual Studio Version 17
VisualStudioVersion = 17.14.36327.8
MinimumVisualStudioVersion = 10.0.40219.1
Project("{FAE04EC0-301F-11D3-BF4B-00C04F79EFBC}") = "LecturerClaimsSystem2", "LecturerClaimsSystem2\LecturerClaimsSystem2.csproj", "{ED50F0B8-500E-40BD-91BE-A48AAAC7297F}"
EndProject
Project("{2150E333-8FDC-42A3-9474-1A3956D46DE8}") = "Solution Items", "Solution Items", "{02EA681E-C7D8-13C7-8484-4AC65E1B71E8}"
	ProjectSection(SolutionItems) = preProject
		.editorconfig = .editorconfig
	EndProjectSection
EndProject
Project("{FAE04EC0-301F-11D3-BF4B-00C04F79EFBC}") = "MyClaimsUnitTests", "..\MyClaimsUnitTests\MyClaimsUnitTests\MyClaimsUnitTests.csproj", "{5FFE05B2-C71A-48B1-A88E-D872DD2D87BE}"
EndProject
Global
	GlobalSection(SolutionConfigurationPlatforms) = preSolution
		Debug|Any CPU = Debug|Any CPU
		Release|Any CPU = Release|Any CPU
	EndGlobalSection
	GlobalSection(ProjectConfigurationPlatforms) = postSolution
		{ED50F0B8-500E-40BD-91BE-A48AAAC7297F}.Debug|Any CPU.ActiveCfg = Debug|Any CPU
		{ED50F0B8-500E-40BD-91BE-A48AAAC7297F}.Debug|Any CPU.Build.0 = Debug|Any CPU
		{ED50F0B8-500E-40BD-91BE-A48AAAC7297F}.Release|Any CPU.ActiveCfg = Release|Any CPU
		{ED50F0B8-500E-40BD-91BE-A48AAAC7297F}.Release|Any CPU.Build.0 = Release|Any CPU
		{5FFE05B2-C71A-48B1-A88E-D872DD2D87BE}.Debug|Any CPU.ActiveCfg = Debug|Any CPU
		{5FFE05B2-C71A-48B1-A88E-D872DD2D87BE}.Debug|Any CPU.Build.0 = Debug|Any CPU
		{5FFE05B2-C71A-48B1-A88E-D872DD2D87BE}.Release|Any CPU.ActiveCfg = Release|Any CPU
		{5FFE05B2-C71A-48B1-A88E-D872DD2D87BE}.Release|Any CPU.Build.0 = Release|Any CPU
	EndGlobalSection
	GlobalSection(SolutionProperties) = preSolution
		HideSolutionNode = FALSE
	EndGlobalSection
	GlobalSection(ExtensibilityGlobals) = postSolution
		SolutionGuid = {DC29FF51-24F9-4259-88A8-11DDA4F79071}
	EndGlobalSection
EndGlobal
